PODS:
  - Flutter (1.0.0)
  - flutter_lantern (0.0.1):
    - Flutter

DEPENDENCIES:
  - Flutter (from `.symlinks/flutter/ios`)
  - flutter_lantern (from `.symlinks/plugins/flutter_lantern/ios`)

EXTERNAL SOURCES:
  Flutter:
    :path: ".symlinks/flutter/ios"
  flutter_lantern:
    :path: ".symlinks/plugins/flutter_lantern/ios"

SPEC CHECKSUMS:
  Flutter: 9d0fac939486c9aba2809b7982dfdbb47a7b0296
  flutter_lantern: f6155cce467a340266658d8ef13106c2e5eef197

PODFILE CHECKSUM: aff02bfeed411c636180d6812254b2daeea14d09

COCOAPODS: 1.5.3
